
Microsoft Visual Studio Solution File, Format Version 12.00
# Visual Studio Version 17
VisualStudioVersion = 17.2.32630.192
MinimumVisualStudioVersion = 10.0.40219.1
Project("{9A19103F-16F7-4668-BE54-9A1E7A4F7556}") = "F10Y.NG0012.Construction", "F10Y.NG0012.Construction\F10Y.NG0012.Construction.csproj", "{3EDBC56B-A91A-4A58-A70B-69CAB74A80C2}"
EndProject
Project("{9A19103F-16F7-4668-BE54-9A1E7A4F7556}") = "F10Y.NG0012", "F10Y.NG0012\F10Y.NG0012.csproj", "{93BF7281-523C-4DD5-AA0C-8C3E0E0447E4}"
EndProject
Global
	GlobalSection(SolutionConfigurationPlatforms) = preSolution
		Debug|Any CPU = Debug|Any CPU
		Release|Any CPU = Release|Any CPU
	EndGlobalSection
	GlobalSection(ProjectConfigurationPlatforms) = postSolution
		{3EDBC56B-A91A-4A58-A70B-69CAB74A80C2}.Debug|Any CPU.ActiveCfg = Debug|Any CPU
		{3EDBC56B-A91A-4A58-A70B-69CAB74A80C2}.Debug|Any CPU.Build.0 = Debug|Any CPU
		{3EDBC56B-A91A-4A58-A70B-69CAB74A80C2}.Release|Any CPU.ActiveCfg = Release|Any CPU
		{3EDBC56B-A91A-4A58-A70B-69CAB74A80C2}.Release|Any CPU.Build.0 = Release|Any CPU
		{93BF7281-523C-4DD5-AA0C-8C3E0E0447E4}.Debug|Any CPU.ActiveCfg = Debug|Any CPU
		{93BF7281-523C-4DD5-AA0C-8C3E0E0447E4}.Debug|Any CPU.Build.0 = Debug|Any CPU
		{93BF7281-523C-4DD5-AA0C-8C3E0E0447E4}.Release|Any CPU.ActiveCfg = Release|Any CPU
		{93BF7281-523C-4DD5-AA0C-8C3E0E0447E4}.Release|Any CPU.Build.0 = Release|Any CPU
	EndGlobalSection
	GlobalSection(SolutionProperties) = preSolution
		HideSolutionNode = FALSE
	EndGlobalSection
	GlobalSection(ExtensibilityGlobals) = postSolution
		SolutionGuid = {306A43F7-D964-4498-BE60-D9FB4F2BFF00}
	EndGlobalSection
EndGlobal
